<Solution>
  <Folder Name="/Solution Items/">
    <File Path=".gitignore" />
    <File Path="appveyor.yml" />
    <File Path="Directory.Build.props" />
    <File Path="NuGet.config" />
  </Folder>
  <Folder Name="/Tests/">
    <File Path="Tests/TestHelper.config" />
    <Project Path="Tests/CK.DB.Acl.AclType.Tests/CK.DB.Acl.AclType.Tests.csproj" />
    <Project Path="Tests/CK.DB.Acl.Tests/CK.DB.Acl.Tests.csproj" />
    <Project Path="Tests/CK.DB.Actor.Tests/CK.DB.Actor.Tests.csproj" />
    <Project Path="Tests/CK.DB.Auth.AuthScope.Tests/CK.DB.Auth.AuthScope.Tests.csproj" />
    <Project Path="Tests/CK.DB.Auth.Tests/CK.DB.Auth.Tests.csproj" />
    <Project Path="Tests/CK.DB.Culture.Tests/CK.DB.Culture.Tests.csproj" />
    <Project Path="Tests/CK.DB.Group.SimpleNaming.Tests/CK.DB.Group.SimpleNaming.Tests.csproj" />
    <Project Path="Tests/CK.DB.HZone.Tests/CK.DB.HZone.Tests.csproj" />
    <Project Path="Tests/CK.DB.Res.MCResHtml.Tests/CK.DB.Res.MCResHtml.Tests.csproj" />
    <Project Path="Tests/CK.DB.Res.MCResString.Tests/CK.DB.Res.MCResString.Tests.csproj" />
    <Project Path="Tests/CK.DB.Res.MCResText.Tests/CK.DB.Res.MCResText.Tests.csproj" />
    <Project Path="Tests/CK.DB.Res.ResHtml.Tests/CK.DB.Res.ResHtml.Tests.csproj" />
    <Project Path="Tests/CK.DB.Res.ResName.Tests/CK.DB.Res.ResName.Tests.csproj" />
    <Project Path="Tests/CK.DB.Res.ResString.Tests/CK.DB.Res.ResString.Tests.csproj" />
    <Project Path="Tests/CK.DB.Res.ResText.Tests/CK.DB.Res.ResText.Tests.csproj" />
    <Project Path="Tests/CK.DB.Res.Tests/CK.DB.Res.Tests.csproj" />
    <Project Path="Tests/CK.DB.User.UserGoogle.AuthScope.Tests/CK.DB.User.UserGoogle.AuthScope.Tests.csproj" />
    <Project Path="Tests/CK.DB.User.UserGoogle.EMailColumns.Tests/CK.DB.User.UserGoogle.EMailColumns.Tests.csproj" />
    <Project Path="Tests/CK.DB.User.UserGoogle.Profile.Tests/CK.DB.User.UserGoogle.Profile.Tests.csproj" />
    <Project Path="Tests/CK.DB.User.UserGoogle.RefreshToken.Tests/CK.DB.User.UserGoogle.RefreshToken.Tests.csproj" />
    <Project Path="Tests/CK.DB.User.UserGoogle.Tests/CK.DB.User.UserGoogle.Tests.csproj" />
    <Project Path="Tests/CK.DB.User.UserOidc.Tests/CK.DB.User.UserOidc.Tests.csproj" />
    <Project Path="Tests/CK.DB.User.UserSimpleCode.Tests/CK.DB.User.UserSimpleCode.Tests.csproj" />
    <Project Path="Tests/CK.DB.Zone.SimpleNaming.Tests/CK.DB.Zone.SimpleNaming.Tests.csproj" />
    <Project Path="Tests/CK.DB.Zone.Tests/CK.DB.Zone.Tests.csproj" />
  </Folder>
  <Project Path="CK.DB.Acl.AclType/CK.DB.Acl.AclType.csproj" />
  <Project Path="CK.DB.Acl/CK.DB.Acl.csproj" />
  <Project Path="CK.DB.Actor/CK.DB.Actor.csproj" />
  <Project Path="CK.DB.Auth.AuthScope/CK.DB.Auth.AuthScope.csproj" />
  <Project Path="CK.DB.Auth/CK.DB.Auth.csproj" />
  <Project Path="CK.DB.Culture/CK.DB.Culture.csproj" />
  <Project Path="CK.DB.Group.SimpleNaming/CK.DB.Group.SimpleNaming.csproj" />
  <Project Path="CK.DB.HZone/CK.DB.HZone.csproj" />
  <Project Path="CK.DB.Res.MCResHtml/CK.DB.Res.MCResHtml.csproj" />
  <Project Path="CK.DB.Res.MCResString/CK.DB.Res.MCResString.csproj" />
  <Project Path="CK.DB.Res.MCResText/CK.DB.Res.MCResText.csproj" />
  <Project Path="CK.DB.Res.ResHtml/CK.DB.Res.ResHtml.csproj" />
  <Project Path="CK.DB.Res.ResName/CK.DB.Res.ResName.csproj" />
  <Project Path="CK.DB.Res.ResString/CK.DB.Res.ResString.csproj" />
  <Project Path="CK.DB.Res.ResText/CK.DB.Res.ResText.csproj" />
  <Project Path="CK.DB.Res/CK.DB.Res.csproj" />
  <Project Path="CK.DB.User.UserGoogle.AuthScope/CK.DB.User.UserGoogle.AuthScope.csproj" />
  <Project Path="CK.DB.User.UserGoogle.EMailColumns/CK.DB.User.UserGoogle.EMailColumns.csproj" />
  <Project Path="CK.DB.User.UserGoogle.Profile/CK.DB.User.UserGoogle.Profile.csproj" />
  <Project Path="CK.DB.User.UserGoogle.RefreshToken/CK.DB.User.UserGoogle.RefreshToken.csproj" />
  <Project Path="CK.DB.User.UserGoogle/CK.DB.User.UserGoogle.csproj" />
  <Project Path="CK.DB.User.UserOidc/CK.DB.User.UserOidc.csproj" />
  <Project Path="CK.DB.User.UserSimpleCode/CK.DB.User.UserSimpleCode.csproj" />
  <Project Path="CK.DB.Zone.SimpleNaming/CK.DB.Zone.SimpleNaming.csproj" />
  <Project Path="CK.DB.Zone/CK.DB.Zone.csproj" />
</Solution>